
Microsoft Visual Studio Solution File, Format Version 12.00
# Visual Studio Version 16
VisualStudioVersion = 16.0.30104.148
MinimumVisualStudioVersion = 10.0.40219.1
Project("{FAE04EC0-301F-11D3-BF4B-00C04F79EFBC}") = "IntroLinq", "IntroLinq\IntroLinq.csproj", "{D6A4C299-2D08-49A7-B1AF-D00CA89EB9F8}"
EndProject
Global
	GlobalSection(SolutionConfigurationPlatforms) = preSolution
		Debug|Any CPU = Debug|Any CPU
		Release|Any CPU = Release|Any CPU
	EndGlobalSection
	GlobalSection(ProjectConfigurationPlatforms) = postSolution
		{D6A4C299-2D08-49A7-B1AF-D00CA89EB9F8}.Debug|Any CPU.ActiveCfg = Debug|Any CPU
		{D6A4C299-2D08-49A7-B1AF-D00CA89EB9F8}.Debug|Any CPU.Build.0 = Debug|Any CPU
		{D6A4C299-2D08-49A7-B1AF-D00CA89EB9F8}.Release|Any CPU.ActiveCfg = Release|Any CPU
		{D6A4C299-2D08-49A7-B1AF-D00CA89EB9F8}.Release|Any CPU.Build.0 = Release|Any CPU
	EndGlobalSection
	GlobalSection(SolutionProperties) = preSolution
		HideSolutionNode = FALSE
	EndGlobalSection
	GlobalSection(ExtensibilityGlobals) = postSolution
		SolutionGuid = {3C82105B-65DE-4A81-BAC7-BED842FFE44E}
	EndGlobalSection
EndGlobal
